
Microsoft Visual Studio Solution File, Format Version 12.00
# Visual Studio Version 17
VisualStudioVersion = 17.0.31903.59
MinimumVisualStudioVersion = 17.0.31903.59
Project("{FAE04EC0-301F-11D3-BF4B-00C04F79EFBC}") = "ef-issue-034", "ef-issue-034.csproj", "{256D601C-E4FF-4A15-BFDA-0D5D62EF9079}"
EndProject
Global
	GlobalSection(SolutionConfigurationPlatforms) = preSolution
		Debug|Any CPU = Debug|Any CPU
		Release|Any CPU = Release|Any CPU
	EndGlobalSection
	GlobalSection(ProjectConfigurationPlatforms) = postSolution
		{256D601C-E4FF-4A15-BFDA-0D5D62EF9079}.Debug|Any CPU.ActiveCfg = Debug|Any CPU
		{256D601C-E4FF-4A15-BFDA-0D5D62EF9079}.Debug|Any CPU.Build.0 = Debug|Any CPU
		{256D601C-E4FF-4A15-BFDA-0D5D62EF9079}.Release|Any CPU.ActiveCfg = Release|Any CPU
		{256D601C-E4FF-4A15-BFDA-0D5D62EF9079}.Release|Any CPU.Build.0 = Release|Any CPU
	EndGlobalSection
	GlobalSection(SolutionProperties) = preSolution
		HideSolutionNode = FALSE
	EndGlobalSection
	GlobalSection(ExtensibilityGlobals) = postSolution
		SolutionGuid = {63022A67-79F2-4FDD-B59E-36B234763FB4}
	EndGlobalSection
EndGlobal
